{
  "version": 4,
  "terraform_version": "1.3.3",
  "serial": 1327,
  "lineage": "601049bf-3e91-9d85-efcc-74bc5e9b8cb0",
  "outputs": {},
  "resources": [
    {
      "mode": "managed",
      "type": "aws_api_gateway_deployment",
      "name": "api_deployment",
      "provider": "provider[\"registry.terraform.io/hashicorp/aws\"]",
      "instances": [
        {
          "schema_version": 0,
          "attributes": {
            "canary_settings": [],
            "created_date": "2024-09-11T22:03:32Z",
            "description": "",
            "execution_arn": "arn:aws:execute-api:eu-central-1:944769655596:q0wpap6d28/v1",
            "id": "y54ghh",
            "invoke_url": "https://q0wpap6d28.execute-api.eu-central-1.amazonaws.com/v1",
            "rest_api_id": "q0wpap6d28",
            "stage_description": null,
            "stage_name": "v1",
            "triggers": null,
            "variables": null
          },
          "sensitive_attributes": [],
          "private": "bnVsbA==",
          "dependencies": [
            "aws_api_gateway_integration.delete_function_integration",
            "aws_api_gateway_integration.get_by_id_integration",
            "aws_api_gateway_integration.get_function_integration",
            "aws_api_gateway_integration.post_function_integration",
            "aws_api_gateway_integration.put_function_integration",
            "aws_api_gateway_method.delete_function_method",
            "aws_api_gateway_method.get_by_id_method",
            "aws_api_gateway_method.get_function_method",
            "aws_api_gateway_method.post_function_method",
            "aws_api_gateway_method.put_function_method",
            "aws_api_gateway_resource.delete_function",
            "aws_api_gateway_resource.get_by_id_function",
            "aws_api_gateway_resource.get_function",
            "aws_api_gateway_resource.post_function",
            "aws_api_gateway_resource.put_function",
            "aws_api_gateway_rest_api.lambda_api",
            "aws_iam_role.lambda_role_testing_part",
            "aws_lambda_function.delete_function",
            "aws_lambda_function.get_by_id_function",
            "aws_lambda_function.get_function",
            "aws_lambda_function.post_function",
            "aws_lambda_function.put_function"
          ]
        }
      ]
    },
    {
      "mode": "managed",
      "type": "aws_api_gateway_integration",
      "name": "delete_function_integration",
      "provider": "provider[\"registry.terraform.io/hashicorp/aws\"]",
      "instances": [
        {
          "schema_version": 0,
          "attributes": {
            "cache_key_parameters": null,
            "cache_namespace": "7vyyyk",
            "connection_id": "",
            "connection_type": "INTERNET",
            "content_handling": "",
            "credentials": "",
            "http_method": "DELETE",
            "id": "agi-q0wpap6d28-7vyyyk-DELETE",
            "integration_http_method": "POST",
            "passthrough_behavior": "WHEN_NO_MATCH",
            "request_parameters": null,
            "request_templates": null,
            "resource_id": "7vyyyk",
            "rest_api_id": "q0wpap6d28",
            "timeout_milliseconds": 29000,
            "tls_config": [],
            "type": "AWS",
            "uri": "arn:aws:apigateway:eu-central-1:lambda:path/2015-03-31/functions/arn:aws:lambda:eu-central-1:944769655596:function:delete/invocations"
          },
          "sensitive_attributes": [],
          "private": "bnVsbA==",
          "dependencies": [
            "aws_api_gateway_method.delete_function_method",
            "aws_api_gateway_resource.delete_function",
            "aws_api_gateway_rest_api.lambda_api",
            "aws_iam_role.lambda_role_testing_part",
            "aws_lambda_function.delete_function"
          ]
        }
      ]
    },
    {
      "mode": "managed",
      "type": "aws_api_gateway_integration",
      "name": "get_by_id_integration",
      "provider": "provider[\"registry.terraform.io/hashicorp/aws\"]",
      "instances": [
        {
          "schema_version": 0,
          "attributes": {
            "cache_key_parameters": null,
            "cache_namespace": "i3auuv",
            "connection_id": "",
            "connection_type": "INTERNET",
            "content_handling": "",
            "credentials": "",
            "http_method": "GET",
            "id": "agi-q0wpap6d28-i3auuv-GET",
            "integration_http_method": "POST",
            "passthrough_behavior": "WHEN_NO_MATCH",
            "request_parameters": null,
            "request_templates": null,
            "resource_id": "i3auuv",
            "rest_api_id": "q0wpap6d28",
            "timeout_milliseconds": 29000,
            "tls_config": [],
            "type": "AWS",
            "uri": "arn:aws:apigateway:eu-central-1:lambda:path/2015-03-31/functions/arn:aws:lambda:eu-central-1:944769655596:function:get_by_id/invocations"
          },
          "sensitive_attributes": [],
          "private": "bnVsbA==",
          "dependencies": [
            "aws_api_gateway_method.get_by_id_method",
            "aws_api_gateway_resource.get_by_id_function",
            "aws_api_gateway_rest_api.lambda_api",
            "aws_iam_role.lambda_role_testing_part",
            "aws_lambda_function.get_by_id_function"
          ]
        }
      ]
    },
    {
      "mode": "managed",
      "type": "aws_api_gateway_integration",
      "name": "get_function_integration",
      "provider": "provider[\"registry.terraform.io/hashicorp/aws\"]",
      "instances": [
        {
          "schema_version": 0,
          "attributes": {
            "cache_key_parameters": null,
            "cache_namespace": "da3z0y",
            "connection_id": "",
            "connection_type": "INTERNET",
            "content_handling": "",
            "credentials": "",
            "http_method": "GET",
            "id": "agi-q0wpap6d28-da3z0y-GET",
            "integration_http_method": "POST",
            "passthrough_behavior": "WHEN_NO_MATCH",
            "request_parameters": null,
            "request_templates": null,
            "resource_id": "da3z0y",
            "rest_api_id": "q0wpap6d28",
            "timeout_milliseconds": 29000,
            "tls_config": [],
            "type": "AWS",
            "uri": "arn:aws:apigateway:eu-central-1:lambda:path/2015-03-31/functions/arn:aws:lambda:eu-central-1:944769655596:function:get/invocations"
          },
          "sensitive_attributes": [],
          "private": "bnVsbA==",
          "dependencies": [
            "aws_api_gateway_method.get_function_method",
            "aws_api_gateway_resource.get_function",
            "aws_api_gateway_rest_api.lambda_api",
            "aws_iam_role.lambda_role_testing_part",
            "aws_lambda_function.get_function"
          ]
        }
      ]
    },
    {
      "mode": "managed",
      "type": "aws_api_gateway_integration",
      "name": "post_function_integration",
      "provider": "provider[\"registry.terraform.io/hashicorp/aws\"]",
      "instances": [
        {
          "schema_version": 0,
          "attributes": {
            "cache_key_parameters": null,
            "cache_namespace": "cb4trp",
            "connection_id": "",
            "connection_type": "INTERNET",
            "content_handling": "",
            "credentials": "",
            "http_method": "POST",
            "id": "agi-q0wpap6d28-cb4trp-POST",
            "integration_http_method": "POST",
            "passthrough_behavior": "WHEN_NO_MATCH",
            "request_parameters": null,
            "request_templates": null,
            "resource_id": "cb4trp",
            "rest_api_id": "q0wpap6d28",
            "timeout_milliseconds": 29000,
            "tls_config": [],
            "type": "AWS",
            "uri": "arn:aws:apigateway:eu-central-1:lambda:path/2015-03-31/functions/arn:aws:lambda:eu-central-1:944769655596:function:post/invocations"
          },
          "sensitive_attributes": [],
          "private": "bnVsbA==",
          "dependencies": [
            "aws_api_gateway_method.post_function_method",
            "aws_api_gateway_resource.post_function",
            "aws_api_gateway_rest_api.lambda_api",
            "aws_iam_role.lambda_role_testing_part",
            "aws_lambda_function.post_function"
          ]
        }
      ]
    },
    {
      "mode": "managed",
      "type": "aws_api_gateway_integration",
      "name": "put_function_integration",
      "provider": "provider[\"registry.terraform.io/hashicorp/aws\"]",
      "instances": [
        {
          "schema_version": 0,
          "attributes": {
            "cache_key_parameters": null,
            "cache_namespace": "kfxt2d",
            "connection_id": "",
            "connection_type": "INTERNET",
            "content_handling": "",
            "credentials": "",
            "http_method": "PUT",
            "id": "agi-q0wpap6d28-kfxt2d-PUT",
            "integration_http_method": "POST",
            "passthrough_behavior": "WHEN_NO_MATCH",
            "request_parameters": null,
            "request_templates": null,
            "resource_id": "kfxt2d",
            "rest_api_id": "q0wpap6d28",
            "timeout_milliseconds": 29000,
            "tls_config": [],
            "type": "AWS",
            "uri": "arn:aws:apigateway:eu-central-1:lambda:path/2015-03-31/functions/arn:aws:lambda:eu-central-1:944769655596:function:put/invocations"
          },
          "sensitive_attributes": [],
          "private": "bnVsbA==",
          "dependencies": [
            "aws_api_gateway_method.put_function_method",
            "aws_api_gateway_resource.put_function",
            "aws_api_gateway_rest_api.lambda_api",
            "aws_iam_role.lambda_role_testing_part",
            "aws_lambda_function.put_function"
          ]
        }
      ]
    },
    {
      "mode": "managed",
      "type": "aws_api_gateway_method",
      "name": "delete_function_method",
      "provider": "provider[\"registry.terraform.io/hashicorp/aws\"]",
      "instances": [
        {
          "schema_version": 0,
          "attributes": {
            "api_key_required": false,
            "authorization": "NONE",
            "authorization_scopes": null,
            "authorizer_id": null,
            "http_method": "DELETE",
            "id": "agm-q0wpap6d28-7vyyyk-DELETE",
            "operation_name": null,
            "request_models": null,
            "request_parameters": null,
            "request_validator_id": null,
            "resource_id": "7vyyyk",
            "rest_api_id": "q0wpap6d28"
          },
          "sensitive_attributes": [],
          "private": "bnVsbA==",
          "dependencies": [
            "aws_api_gateway_resource.delete_function",
            "aws_api_gateway_rest_api.lambda_api"
          ]
        }
      ]
    },
    {
      "mode": "managed",
      "type": "aws_api_gateway_method",
      "name": "get_by_id_method",
      "provider": "provider[\"registry.terraform.io/hashicorp/aws\"]",
      "instances": [
        {
          "schema_version": 0,
          "attributes": {
            "api_key_required": false,
            "authorization": "NONE",
            "authorization_scopes": null,
            "authorizer_id": null,
            "http_method": "GET",
            "id": "agm-q0wpap6d28-i3auuv-GET",
            "operation_name": null,
            "request_models": null,
            "request_parameters": null,
            "request_validator_id": null,
            "resource_id": "i3auuv",
            "rest_api_id": "q0wpap6d28"
          },
          "sensitive_attributes": [],
          "private": "bnVsbA==",
          "dependencies": [
            "aws_api_gateway_resource.get_by_id_function",
            "aws_api_gateway_rest_api.lambda_api"
          ]
        }
      ]
    },
    {
      "mode": "managed",
      "type": "aws_api_gateway_method",
      "name": "get_function_method",
      "provider": "provider[\"registry.terraform.io/hashicorp/aws\"]",
      "instances": [
        {
          "schema_version": 0,
          "attributes": {
            "api_key_required": false,
            "authorization": "NONE",
            "authorization_scopes": null,
            "authorizer_id": null,
            "http_method": "GET",
            "id": "agm-q0wpap6d28-da3z0y-GET",
            "operation_name": null,
            "request_models": null,
            "request_parameters": null,
            "request_validator_id": null,
            "resource_id": "da3z0y",
            "rest_api_id": "q0wpap6d28"
          },
          "sensitive_attributes": [],
          "private": "bnVsbA==",
          "dependencies": [
            "aws_api_gateway_resource.get_function",
            "aws_api_gateway_rest_api.lambda_api"
          ]
        }
      ]
    },
    {
      "mode": "managed",
      "type": "aws_api_gateway_method",
      "name": "post_function_method",
      "provider": "provider[\"registry.terraform.io/hashicorp/aws\"]",
      "instances": [
        {
          "schema_version": 0,
          "attributes": {
            "api_key_required": false,
            "authorization": "NONE",
            "authorization_scopes": null,
            "authorizer_id": null,
            "http_method": "POST",
            "id": "agm-q0wpap6d28-cb4trp-POST",
            "operation_name": null,
            "request_models": null,
            "request_parameters": null,
            "request_validator_id": null,
            "resource_id": "cb4trp",
            "rest_api_id": "q0wpap6d28"
          },
          "sensitive_attributes": [],
          "private": "bnVsbA==",
          "dependencies": [
            "aws_api_gateway_resource.post_function",
            "aws_api_gateway_rest_api.lambda_api"
          ]
        }
      ]
    },
    {
      "mode": "managed",
      "type": "aws_api_gateway_method",
      "name": "put_function_method",
      "provider": "provider[\"registry.terraform.io/hashicorp/aws\"]",
      "instances": [
        {
          "schema_version": 0,
          "attributes": {
            "api_key_required": false,
            "authorization": "NONE",
            "authorization_scopes": null,
            "authorizer_id": null,
            "http_method": "PUT",
            "id": "agm-q0wpap6d28-kfxt2d-PUT",
            "operation_name": null,
            "request_models": null,
            "request_parameters": null,
            "request_validator_id": null,
            "resource_id": "kfxt2d",
            "rest_api_id": "q0wpap6d28"
          },
          "sensitive_attributes": [],
          "private": "bnVsbA==",
          "dependencies": [
            "aws_api_gateway_resource.put_function",
            "aws_api_gateway_rest_api.lambda_api"
          ]
        }
      ]
    },
    {
      "mode": "managed",
      "type": "aws_api_gateway_resource",
      "name": "delete_function",
      "provider": "provider[\"registry.terraform.io/hashicorp/aws\"]",
      "instances": [
        {
          "schema_version": 0,
          "attributes": {
            "id": "7vyyyk",
            "parent_id": "3fr29xquh0",
            "path": "/delete_function",
            "path_part": "delete_function",
            "rest_api_id": "q0wpap6d28"
          },
          "sensitive_attributes": [],
          "private": "bnVsbA==",
          "dependencies": [
            "aws_api_gateway_rest_api.lambda_api"
          ]
        }
      ]
    },
    {
      "mode": "managed",
      "type": "aws_api_gateway_resource",
      "name": "get_by_id_function",
      "provider": "provider[\"registry.terraform.io/hashicorp/aws\"]",
      "instances": [
        {
          "schema_version": 0,
          "attributes": {
            "id": "i3auuv",
            "parent_id": "3fr29xquh0",
            "path": "/{id}",
            "path_part": "{id}",
            "rest_api_id": "q0wpap6d28"
          },
          "sensitive_attributes": [],
          "private": "bnVsbA==",
          "dependencies": [
            "aws_api_gateway_rest_api.lambda_api"
          ]
        }
      ]
    },
    {
      "mode": "managed",
      "type": "aws_api_gateway_resource",
      "name": "get_function",
      "provider": "provider[\"registry.terraform.io/hashicorp/aws\"]",
      "instances": [
        {
          "schema_version": 0,
          "attributes": {
            "id": "da3z0y",
            "parent_id": "3fr29xquh0",
            "path": "/get_function",
            "path_part": "get_function",
            "rest_api_id": "q0wpap6d28"
          },
          "sensitive_attributes": [],
          "private": "bnVsbA==",
          "dependencies": [
            "aws_api_gateway_rest_api.lambda_api"
          ]
        }
      ]
    },
    {
      "mode": "managed",
      "type": "aws_api_gateway_resource",
      "name": "post_function",
      "provider": "provider[\"registry.terraform.io/hashicorp/aws\"]",
      "instances": [
        {
          "schema_version": 0,
          "attributes": {
            "id": "cb4trp",
            "parent_id": "3fr29xquh0",
            "path": "/post_function",
            "path_part": "post_function",
            "rest_api_id": "q0wpap6d28"
          },
          "sensitive_attributes": [],
          "private": "bnVsbA==",
          "dependencies": [
            "aws_api_gateway_rest_api.lambda_api"
          ]
        }
      ]
    },
    {
      "mode": "managed",
      "type": "aws_api_gateway_resource",
      "name": "put_function",
      "provider": "provider[\"registry.terraform.io/hashicorp/aws\"]",
      "instances": [
        {
          "schema_version": 0,
          "attributes": {
            "id": "kfxt2d",
            "parent_id": "3fr29xquh0",
            "path": "/put_function",
            "path_part": "put_function",
            "rest_api_id": "q0wpap6d28"
          },
          "sensitive_attributes": [],
          "private": "bnVsbA==",
          "dependencies": [
            "aws_api_gateway_rest_api.lambda_api"
          ]
        }
      ]
    },
    {
      "mode": "managed",
      "type": "aws_api_gateway_rest_api",
      "name": "lambda_api",
      "provider": "provider[\"registry.terraform.io/hashicorp/aws\"]",
      "instances": [
        {
          "schema_version": 0,
          "attributes": {
            "api_key_source": "HEADER",
            "arn": "arn:aws:apigateway:eu-central-1::/restapis/q0wpap6d28",
            "binary_media_types": [],
            "body": null,
            "created_date": "2024-09-11T22:02:53Z",
            "description": "API Gateway for Lambda",
            "disable_execute_api_endpoint": false,
            "endpoint_configuration": [
              {
                "types": [
                  "EDGE"
                ],
                "vpc_endpoint_ids": []
              }
            ],
            "execution_arn": "arn:aws:execute-api:eu-central-1:944769655596:q0wpap6d28",
            "fail_on_warnings": null,
            "id": "q0wpap6d28",
            "minimum_compression_size": "",
            "name": "API Gateway for Lambda",
            "parameters": null,
            "policy": "",
            "put_rest_api_mode": null,
            "root_resource_id": "3fr29xquh0",
            "tags": null,
            "tags_all": {}
          },
          "sensitive_attributes": [],
          "private": "bnVsbA=="
        }
      ]
    },
    {
      "mode": "managed",
      "type": "aws_dynamodb_table",
      "name": "example",
      "provider": "provider[\"registry.terraform.io/hashicorp/aws\"]",
      "instances": [
        {
          "schema_version": 1,
          "attributes": {
            "arn": "arn:aws:dynamodb:eu-central-1:944769655596:table/example-table",
            "attribute": [
              {
                "name": "description",
                "type": "S"
              },
              {
                "name": "id",
                "type": "S"
              },
              {
                "name": "name",
                "type": "S"
              }
            ],
            "billing_mode": "PAY_PER_REQUEST",
            "deletion_protection_enabled": false,
            "global_secondary_index": [
              {
                "hash_key": "description",
                "name": "description-index",
                "non_key_attributes": [],
                "projection_type": "ALL",
                "range_key": "",
                "read_capacity": null,
                "write_capacity": null
              },
              {
                "hash_key": "name",
                "name": "name-index",
                "non_key_attributes": [],
                "projection_type": "ALL",
                "range_key": "",
                "read_capacity": null,
                "write_capacity": null
              }
            ],
            "hash_key": "id",
            "id": "example-table",
            "import_table": [],
            "local_secondary_index": [],
            "name": "example-table",
            "point_in_time_recovery": [
              {
                "enabled": false
              }
            ],
            "range_key": null,
            "read_capacity": 0,
            "replica": [],
            "restore_date_time": null,
            "restore_source_name": null,
            "restore_to_latest_time": null,
            "server_side_encryption": [],
            "stream_arn": "",
            "stream_enabled": false,
            "stream_label": "",
            "stream_view_type": "",
            "table_class": "STANDARD",
            "tags": {
              "Environment": "dev",
              "Name": "example-table"
            },
            "tags_all": {
              "Environment": "dev",
              "Name": "example-table"
            },
            "timeouts": null,
            "ttl": [
              {
                "attribute_name": "",
                "enabled": false
              }
            ],
            "write_capacity": 0
          },
          "sensitive_attributes": [],
          "private": "eyJlMmJmYjczMC1lY2FhLTExZTYtOGY4OC0zNDM2M2JjN2M0YzAiOnsiY3JlYXRlIjoxODAwMDAwMDAwMDAwLCJkZWxldGUiOjYwMDAwMDAwMDAwMCwidXBkYXRlIjozNjAwMDAwMDAwMDAwfSwic2NoZW1hX3ZlcnNpb24iOiIxIn0="
        }
      ]
    },
    {
      "mode": "managed",
      "type": "aws_iam_policy",
      "name": "lambda_dynamodb_policy",
      "provider": "provider[\"registry.terraform.io/hashicorp/aws\"]",
      "instances": [
        {
          "schema_version": 0,
          "attributes": {
            "arn": "arn:aws:iam::944769655596:policy/lambda_dynamodb_policy",
            "attachment_count": 0,
            "description": "Policy for Lambda to interact with DynamoDB",
            "id": "arn:aws:iam::944769655596:policy/lambda_dynamodb_policy",
            "name": "lambda_dynamodb_policy",
            "name_prefix": "",
            "path": "/",
            "policy": "{\"Statement\":[{\"Action\":[\"dynamodb:PutItem\",\"dynamodb:UpdateItem\",\"dynamodb:GetItem\",\"dynamodb:Scan\",\"dynamodb:DeleteItem\"],\"Effect\":\"Allow\",\"Resource\":\"arn:aws:dynamodb:eu-central-1:944769655596:table/example-table\"}],\"Version\":\"2012-10-17\"}",
            "policy_id": "ANPA5X6FI4MWCUAQKZQWU",
            "tags": null,
            "tags_all": {}
          },
          "sensitive_attributes": [],
          "private": "bnVsbA=="
        }
      ]
    },
    {
      "mode": "managed",
      "type": "aws_iam_role",
      "name": "lambda_role_testing_part",
      "provider": "provider[\"registry.terraform.io/hashicorp/aws\"]",
      "instances": [
        {
          "schema_version": 0,
          "attributes": {
            "arn": "arn:aws:iam::944769655596:role/lambda_role_testing_part",
            "assume_role_policy": "{\"Statement\":[{\"Action\":\"sts:AssumeRole\",\"Effect\":\"Allow\",\"Principal\":{\"Service\":\"lambda.amazonaws.com\"}}],\"Version\":\"2012-10-17\"}",
            "create_date": "2024-09-11T22:02:53Z",
            "description": "",
            "force_detach_policies": false,
            "id": "lambda_role_testing_part",
            "inline_policy": [],
            "managed_policy_arns": [],
            "max_session_duration": 3600,
            "name": "lambda_role_testing_part",
            "name_prefix": "",
            "path": "/",
            "permissions_boundary": "",
            "tags": null,
            "tags_all": {},
            "unique_id": "AROA5X6FI4MWO4JV4JQS4"
          },
          "sensitive_attributes": [],
          "private": "bnVsbA=="
        }
      ]
    },
    {
      "mode": "managed",
      "type": "aws_iam_role_policy_attachment",
      "name": "lambda_dynamodb_policy_attach",
      "provider": "provider[\"registry.terraform.io/hashicorp/aws\"]",
      "instances": [
        {
          "schema_version": 0,
          "attributes": {
            "id": "lambda_role_testing_part-20240911220254759500000001",
            "policy_arn": "arn:aws:iam::944769655596:policy/lambda_dynamodb_policy",
            "role": "lambda_role_testing_part"
          },
          "sensitive_attributes": [],
          "private": "bnVsbA==",
          "dependencies": [
            "aws_iam_policy.lambda_dynamodb_policy",
            "aws_iam_role.lambda_role_testing_part"
          ]
        }
      ]
    },
    {
      "mode": "managed",
      "type": "aws_lambda_function",
      "name": "delete_function",
      "provider": "provider[\"registry.terraform.io/hashicorp/aws\"]",
      "instances": [
        {
          "schema_version": 0,
          "attributes": {
            "architectures": [
              "x86_64"
            ],
            "arn": "arn:aws:lambda:eu-central-1:944769655596:function:delete",
            "code_sha256": "6U2Z2AQVA/NPzmwVqMdouM1LGBUrdmK04AAC9V4t4hk=",
            "code_signing_config_arn": "",
            "dead_letter_config": [],
            "description": "",
            "environment": [
              {
                "variables": {
                  "DYNAMODB_TABLE_NAME": "example-table"
                }
              }
            ],
            "ephemeral_storage": [
              {
                "size": 512
              }
            ],
            "file_system_config": [],
            "filename": "delete.zip",
            "function_name": "delete",
            "handler": "delete.lambda_handler",
            "id": "delete",
            "image_config": [],
            "image_uri": "",
            "invoke_arn": "arn:aws:apigateway:eu-central-1:lambda:path/2015-03-31/functions/arn:aws:lambda:eu-central-1:944769655596:function:delete/invocations",
            "kms_key_arn": "",
            "last_modified": "2024-09-11T22:03:26.174+0000",
            "layers": null,
            "logging_config": [
              {
                "application_log_level": "",
                "log_format": "Text",
                "log_group": "/aws/lambda/delete",
                "system_log_level": ""
              }
            ],
            "memory_size": 128,
            "package_type": "Zip",
            "publish": false,
            "qualified_arn": "arn:aws:lambda:eu-central-1:944769655596:function:delete:$LATEST",
            "qualified_invoke_arn": "arn:aws:apigateway:eu-central-1:lambda:path/2015-03-31/functions/arn:aws:lambda:eu-central-1:944769655596:function:delete:$LATEST/invocations",
            "replace_security_groups_on_destroy": null,
            "replacement_security_group_ids": null,
            "reserved_concurrent_executions": -1,
            "role": "arn:aws:iam::944769655596:role/lambda_role_testing_part",
            "runtime": "python3.9",
            "s3_bucket": null,
            "s3_key": null,
            "s3_object_version": null,
            "signing_job_arn": "",
            "signing_profile_version_arn": "",
            "skip_destroy": false,
            "snap_start": [],
            "source_code_hash": "6U2Z2AQVA/NPzmwVqMdouM1LGBUrdmK04AAC9V4t4hk=",
            "source_code_size": 635,
            "tags": null,
            "tags_all": {},
            "timeout": 3,
            "timeouts": null,
            "tracing_config": [
              {
                "mode": "PassThrough"
              }
            ],
            "version": "$LATEST",
            "vpc_config": []
          },
          "sensitive_attributes": [],
          "private": "eyJlMmJmYjczMC1lY2FhLTExZTYtOGY4OC0zNDM2M2JjN2M0YzAiOnsiY3JlYXRlIjo2MDAwMDAwMDAwMDAsImRlbGV0ZSI6NjAwMDAwMDAwMDAwLCJ1cGRhdGUiOjYwMDAwMDAwMDAwMH19",
          "dependencies": [
            "aws_iam_role.lambda_role_testing_part"
          ]
        }
      ]
    },
    {
      "mode": "managed",
      "type": "aws_lambda_function",
      "name": "get_by_id_function",
      "provider": "provider[\"registry.terraform.io/hashicorp/aws\"]",
      "instances": [
        {
          "schema_version": 0,
          "attributes": {
            "architectures": [
              "x86_64"
            ],
            "arn": "arn:aws:lambda:eu-central-1:944769655596:function:get_by_id",
            "code_sha256": "6r8gGUf3RUS3uv80uKwrd+KTzC3GtIzSrbIZgQ5NBS0=",
            "code_signing_config_arn": "",
            "dead_letter_config": [],
            "description": "",
            "environment": [
              {
                "variables": {
                  "DYNAMODB_TABLE_NAME": "example-table"
                }
              }
            ],
            "ephemeral_storage": [
              {
                "size": 512
              }
            ],
            "file_system_config": [],
            "filename": "get_by_id.zip",
            "function_name": "get_by_id",
            "handler": "get_by_id.lambda_handler",
            "id": "get_by_id",
            "image_config": [],
            "image_uri": "",
            "invoke_arn": "arn:aws:apigateway:eu-central-1:lambda:path/2015-03-31/functions/arn:aws:lambda:eu-central-1:944769655596:function:get_by_id/invocations",
            "kms_key_arn": "",
            "last_modified": "2024-09-11T22:03:09.424+0000",
            "layers": null,
            "logging_config": [
              {
                "application_log_level": "",
                "log_format": "Text",
                "log_group": "/aws/lambda/get_by_id",
                "system_log_level": ""
              }
            ],
            "memory_size": 128,
            "package_type": "Zip",
            "publish": false,
            "qualified_arn": "arn:aws:lambda:eu-central-1:944769655596:function:get_by_id:$LATEST",
            "qualified_invoke_arn": "arn:aws:apigateway:eu-central-1:lambda:path/2015-03-31/functions/arn:aws:lambda:eu-central-1:944769655596:function:get_by_id:$LATEST/invocations",
            "replace_security_groups_on_destroy": null,
            "replacement_security_group_ids": null,
            "reserved_concurrent_executions": -1,
            "role": "arn:aws:iam::944769655596:role/lambda_role_testing_part",
            "runtime": "python3.9",
            "s3_bucket": null,
            "s3_key": null,
            "s3_object_version": null,
            "signing_job_arn": "",
            "signing_profile_version_arn": "",
            "skip_destroy": false,
            "snap_start": [],
            "source_code_hash": "6r8gGUf3RUS3uv80uKwrd+KTzC3GtIzSrbIZgQ5NBS0=",
            "source_code_size": 635,
            "tags": null,
            "tags_all": {},
            "timeout": 3,
            "timeouts": null,
            "tracing_config": [
              {
                "mode": "PassThrough"
              }
            ],
            "version": "$LATEST",
            "vpc_config": []
          },
          "sensitive_attributes": [],
          "private": "eyJlMmJmYjczMC1lY2FhLTExZTYtOGY4OC0zNDM2M2JjN2M0YzAiOnsiY3JlYXRlIjo2MDAwMDAwMDAwMDAsImRlbGV0ZSI6NjAwMDAwMDAwMDAwLCJ1cGRhdGUiOjYwMDAwMDAwMDAwMH19",
          "dependencies": [
            "aws_iam_role.lambda_role_testing_part"
          ]
        }
      ]
    },
    {
      "mode": "managed",
      "type": "aws_lambda_function",
      "name": "get_function",
      "provider": "provider[\"registry.terraform.io/hashicorp/aws\"]",
      "instances": [
        {
          "schema_version": 0,
          "attributes": {
            "architectures": [
              "x86_64"
            ],
            "arn": "arn:aws:lambda:eu-central-1:944769655596:function:get",
            "code_sha256": "nKxYfPEXZLeEDWBM8NDEzt6kZmYL0YhWwC8lXXhJvKQ=",
            "code_signing_config_arn": "",
            "dead_letter_config": [],
            "description": "",
            "environment": [
              {
                "variables": {
                  "DYNAMODB_TABLE_NAME": "example-table",
                  "post_function_ENV_VARIABLE": "dev"
                }
              }
            ],
            "ephemeral_storage": [
              {
                "size": 512
              }
            ],
            "file_system_config": [],
            "filename": "get.zip",
            "function_name": "get",
            "handler": "get.lambda_handler",
            "id": "get",
            "image_config": [],
            "image_uri": "",
            "invoke_arn": "arn:aws:apigateway:eu-central-1:lambda:path/2015-03-31/functions/arn:aws:lambda:eu-central-1:944769655596:function:get/invocations",
            "kms_key_arn": "",
            "last_modified": "2024-09-11T22:03:03.754+0000",
            "layers": null,
            "logging_config": [
              {
                "application_log_level": "",
                "log_format": "Text",
                "log_group": "/aws/lambda/get",
                "system_log_level": ""
              }
            ],
            "memory_size": 128,
            "package_type": "Zip",
            "publish": false,
            "qualified_arn": "arn:aws:lambda:eu-central-1:944769655596:function:get:$LATEST",
            "qualified_invoke_arn": "arn:aws:apigateway:eu-central-1:lambda:path/2015-03-31/functions/arn:aws:lambda:eu-central-1:944769655596:function:get:$LATEST/invocations",
            "replace_security_groups_on_destroy": null,
            "replacement_security_group_ids": null,
            "reserved_concurrent_executions": -1,
            "role": "arn:aws:iam::944769655596:role/lambda_role_testing_part",
            "runtime": "python3.9",
            "s3_bucket": null,
            "s3_key": null,
            "s3_object_version": null,
            "signing_job_arn": "",
            "signing_profile_version_arn": "",
            "skip_destroy": false,
            "snap_start": [],
            "source_code_hash": "nKxYfPEXZLeEDWBM8NDEzt6kZmYL0YhWwC8lXXhJvKQ=",
            "source_code_size": 411,
            "tags": null,
            "tags_all": {},
            "timeout": 3,
            "timeouts": null,
            "tracing_config": [
              {
                "mode": "PassThrough"
              }
            ],
            "version": "$LATEST",
            "vpc_config": []
          },
          "sensitive_attributes": [],
          "private": "eyJlMmJmYjczMC1lY2FhLTExZTYtOGY4OC0zNDM2M2JjN2M0YzAiOnsiY3JlYXRlIjo2MDAwMDAwMDAwMDAsImRlbGV0ZSI6NjAwMDAwMDAwMDAwLCJ1cGRhdGUiOjYwMDAwMDAwMDAwMH19",
          "dependencies": [
            "aws_iam_role.lambda_role_testing_part"
          ]
        }
      ]
    },
    {
      "mode": "managed",
      "type": "aws_lambda_function",
      "name": "post_function",
      "provider": "provider[\"registry.terraform.io/hashicorp/aws\"]",
      "instances": [
        {
          "schema_version": 0,
          "attributes": {
            "architectures": [
              "x86_64"
            ],
            "arn": "arn:aws:lambda:eu-central-1:944769655596:function:post",
            "code_sha256": "oMA3Rf8tyI3QWU3lAqErReL5Vz9frGlotRQW/dKTyGw=",
            "code_signing_config_arn": "",
            "dead_letter_config": [],
            "description": "",
            "environment": [
              {
                "variables": {
                  "DYNAMODB_TABLE_NAME": "example-table",
                  "post_function_ENV_VARIABLE": "dev"
                }
              }
            ],
            "ephemeral_storage": [
              {
                "size": 512
              }
            ],
            "file_system_config": [],
            "filename": "post.zip",
            "function_name": "post",
            "handler": "post.lambda_handler",
            "id": "post",
            "image_config": [],
            "image_uri": "",
            "invoke_arn": "arn:aws:apigateway:eu-central-1:lambda:path/2015-03-31/functions/arn:aws:lambda:eu-central-1:944769655596:function:post/invocations",
            "kms_key_arn": "",
            "last_modified": "2024-09-11T22:03:20.546+0000",
            "layers": null,
            "logging_config": [
              {
                "application_log_level": "",
                "log_format": "Text",
                "log_group": "/aws/lambda/post",
                "system_log_level": ""
              }
            ],
            "memory_size": 128,
            "package_type": "Zip",
            "publish": false,
            "qualified_arn": "arn:aws:lambda:eu-central-1:944769655596:function:post:$LATEST",
            "qualified_invoke_arn": "arn:aws:apigateway:eu-central-1:lambda:path/2015-03-31/functions/arn:aws:lambda:eu-central-1:944769655596:function:post:$LATEST/invocations",
            "replace_security_groups_on_destroy": null,
            "replacement_security_group_ids": null,
            "reserved_concurrent_executions": -1,
            "role": "arn:aws:iam::944769655596:role/lambda_role_testing_part",
            "runtime": "python3.9",
            "s3_bucket": null,
            "s3_key": null,
            "s3_object_version": null,
            "signing_job_arn": "",
            "signing_profile_version_arn": "",
            "skip_destroy": false,
            "snap_start": [],
            "source_code_hash": "oMA3Rf8tyI3QWU3lAqErReL5Vz9frGlotRQW/dKTyGw=",
            "source_code_size": 626,
            "tags": null,
            "tags_all": {},
            "timeout": 3,
            "timeouts": null,
            "tracing_config": [
              {
                "mode": "PassThrough"
              }
            ],
            "version": "$LATEST",
            "vpc_config": []
          },
          "sensitive_attributes": [],
          "private": "eyJlMmJmYjczMC1lY2FhLTExZTYtOGY4OC0zNDM2M2JjN2M0YzAiOnsiY3JlYXRlIjo2MDAwMDAwMDAwMDAsImRlbGV0ZSI6NjAwMDAwMDAwMDAwLCJ1cGRhdGUiOjYwMDAwMDAwMDAwMH19",
          "dependencies": [
            "aws_iam_role.lambda_role_testing_part"
          ]
        }
      ]
    },
    {
      "mode": "managed",
      "type": "aws_lambda_function",
      "name": "put_function",
      "provider": "provider[\"registry.terraform.io/hashicorp/aws\"]",
      "instances": [
        {
          "schema_version": 0,
          "attributes": {
            "architectures": [
              "x86_64"
            ],
            "arn": "arn:aws:lambda:eu-central-1:944769655596:function:put",
            "code_sha256": "ZOS/hWheM3t6GgJJiWybSC4sCamK+CC+6SWy+Yjotfw=",
            "code_signing_config_arn": "",
            "dead_letter_config": [],
            "description": "",
            "environment": [
              {
                "variables": {
                  "DYNAMODB_TABLE_NAME": "example-table"
                }
              }
            ],
            "ephemeral_storage": [
              {
                "size": 512
              }
            ],
            "file_system_config": [],
            "filename": "put.zip",
            "function_name": "put",
            "handler": "put.lambda_handler",
            "id": "put",
            "image_config": [],
            "image_uri": "",
            "invoke_arn": "arn:aws:apigateway:eu-central-1:lambda:path/2015-03-31/functions/arn:aws:lambda:eu-central-1:944769655596:function:put/invocations",
            "kms_key_arn": "",
            "last_modified": "2024-09-11T22:03:14.990+0000",
            "layers": null,
            "logging_config": [
              {
                "application_log_level": "",
                "log_format": "Text",
                "log_group": "/aws/lambda/put",
                "system_log_level": ""
              }
            ],
            "memory_size": 128,
            "package_type": "Zip",
            "publish": false,
            "qualified_arn": "arn:aws:lambda:eu-central-1:944769655596:function:put:$LATEST",
            "qualified_invoke_arn": "arn:aws:apigateway:eu-central-1:lambda:path/2015-03-31/functions/arn:aws:lambda:eu-central-1:944769655596:function:put:$LATEST/invocations",
            "replace_security_groups_on_destroy": null,
            "replacement_security_group_ids": null,
            "reserved_concurrent_executions": -1,
            "role": "arn:aws:iam::944769655596:role/lambda_role_testing_part",
            "runtime": "python3.9",
            "s3_bucket": null,
            "s3_key": null,
            "s3_object_version": null,
            "signing_job_arn": "",
            "signing_profile_version_arn": "",
            "skip_destroy": false,
            "snap_start": [],
            "source_code_hash": "ZOS/hWheM3t6GgJJiWybSC4sCamK+CC+6SWy+Yjotfw=",
            "source_code_size": 861,
            "tags": null,
            "tags_all": {},
            "timeout": 3,
            "timeouts": null,
            "tracing_config": [
              {
                "mode": "PassThrough"
              }
            ],
            "version": "$LATEST",
            "vpc_config": []
          },
          "sensitive_attributes": [],
          "private": "eyJlMmJmYjczMC1lY2FhLTExZTYtOGY4OC0zNDM2M2JjN2M0YzAiOnsiY3JlYXRlIjo2MDAwMDAwMDAwMDAsImRlbGV0ZSI6NjAwMDAwMDAwMDAwLCJ1cGRhdGUiOjYwMDAwMDAwMDAwMH19",
          "dependencies": [
            "aws_iam_role.lambda_role_testing_part"
          ]
        }
      ]
    },
    {
      "mode": "managed",
      "type": "aws_lambda_permission",
      "name": "delete_function_permission",
      "provider": "provider[\"registry.terraform.io/hashicorp/aws\"]",
      "instances": [
        {
          "schema_version": 0,
          "attributes": {
            "action": "lambda:InvokeFunction",
            "event_source_token": null,
            "function_name": "delete",
            "function_url_auth_type": null,
            "id": "AllowAPIGatewayInvokeDelete",
            "principal": "apigateway.amazonaws.com",
            "principal_org_id": null,
            "qualifier": "",
            "source_account": null,
            "source_arn": "arn:aws:execute-api:eu-central-1:944769655596:q0wpap6d28/*/DELETE/delete_function",
            "statement_id": "AllowAPIGatewayInvokeDelete",
            "statement_id_prefix": ""
          },
          "sensitive_attributes": [],
          "private": "bnVsbA==",
          "dependencies": [
            "aws_api_gateway_method.delete_function_method",
            "aws_api_gateway_resource.delete_function",
            "aws_api_gateway_rest_api.lambda_api",
            "aws_iam_role.lambda_role_testing_part",
            "aws_lambda_function.delete_function"
          ]
        }
      ]
    },
    {
      "mode": "managed",
      "type": "aws_lambda_permission",
      "name": "get_by_id_permission",
      "provider": "provider[\"registry.terraform.io/hashicorp/aws\"]",
      "instances": [
        {
          "schema_version": 0,
          "attributes": {
            "action": "lambda:InvokeFunction",
            "event_source_token": null,
            "function_name": "get_by_id",
            "function_url_auth_type": null,
            "id": "AllowAPIGatewayInvokeGetByID",
            "principal": "apigateway.amazonaws.com",
            "principal_org_id": null,
            "qualifier": "",
            "source_account": null,
            "source_arn": "arn:aws:execute-api:eu-central-1:944769655596:q0wpap6d28/*/GET/{id}",
            "statement_id": "AllowAPIGatewayInvokeGetByID",
            "statement_id_prefix": ""
          },
          "sensitive_attributes": [],
          "private": "bnVsbA==",
          "dependencies": [
            "aws_api_gateway_method.get_by_id_method",
            "aws_api_gateway_resource.get_by_id_function",
            "aws_api_gateway_rest_api.lambda_api",
            "aws_iam_role.lambda_role_testing_part",
            "aws_lambda_function.get_by_id_function"
          ]
        }
      ]
    },
    {
      "mode": "managed",
      "type": "aws_lambda_permission",
      "name": "get_function_permission",
      "provider": "provider[\"registry.terraform.io/hashicorp/aws\"]",
      "instances": [
        {
          "schema_version": 0,
          "attributes": {
            "action": "lambda:InvokeFunction",
            "event_source_token": null,
            "function_name": "get",
            "function_url_auth_type": null,
            "id": "AllowAPIGatewayInvokeGet",
            "principal": "apigateway.amazonaws.com",
            "principal_org_id": null,
            "qualifier": "",
            "source_account": null,
            "source_arn": "arn:aws:execute-api:eu-central-1:944769655596:q0wpap6d28/*/GET/get_function",
            "statement_id": "AllowAPIGatewayInvokeGet",
            "statement_id_prefix": ""
          },
          "sensitive_attributes": [],
          "private": "bnVsbA==",
          "dependencies": [
            "aws_api_gateway_method.get_function_method",
            "aws_api_gateway_resource.get_function",
            "aws_api_gateway_rest_api.lambda_api",
            "aws_iam_role.lambda_role_testing_part",
            "aws_lambda_function.get_function"
          ]
        }
      ]
    },
    {
      "mode": "managed",
      "type": "aws_lambda_permission",
      "name": "post_function_permission",
      "provider": "provider[\"registry.terraform.io/hashicorp/aws\"]",
      "instances": [
        {
          "schema_version": 0,
          "attributes": {
            "action": "lambda:InvokeFunction",
            "event_source_token": null,
            "function_name": "post",
            "function_url_auth_type": null,
            "id": "AllowAPIGatewayInvoke",
            "principal": "apigateway.amazonaws.com",
            "principal_org_id": null,
            "qualifier": "",
            "source_account": null,
            "source_arn": "arn:aws:execute-api:eu-central-1:944769655596:q0wpap6d28/*/POST/post_function",
            "statement_id": "AllowAPIGatewayInvoke",
            "statement_id_prefix": ""
          },
          "sensitive_attributes": [],
          "private": "bnVsbA==",
          "dependencies": [
            "aws_api_gateway_method.post_function_method",
            "aws_api_gateway_resource.post_function",
            "aws_api_gateway_rest_api.lambda_api",
            "aws_iam_role.lambda_role_testing_part",
            "aws_lambda_function.post_function"
          ]
        }
      ]
    },
    {
      "mode": "managed",
      "type": "aws_lambda_permission",
      "name": "put_function_permission",
      "provider": "provider[\"registry.terraform.io/hashicorp/aws\"]",
      "instances": [
        {
          "schema_version": 0,
          "attributes": {
            "action": "lambda:InvokeFunction",
            "event_source_token": null,
            "function_name": "put",
            "function_url_auth_type": null,
            "id": "AllowAPIGatewayInvokePut",
            "principal": "apigateway.amazonaws.com",
            "principal_org_id": null,
            "qualifier": "",
            "source_account": null,
            "source_arn": "arn:aws:execute-api:eu-central-1:944769655596:q0wpap6d28/*/PUT/put_function",
            "statement_id": "AllowAPIGatewayInvokePut",
            "statement_id_prefix": ""
          },
          "sensitive_attributes": [],
          "private": "bnVsbA==",
          "dependencies": [
            "aws_api_gateway_method.put_function_method",
            "aws_api_gateway_resource.put_function",
            "aws_api_gateway_rest_api.lambda_api",
            "aws_iam_role.lambda_role_testing_part",
            "aws_lambda_function.put_function"
          ]
        }
      ]
    },
    {
      "module": "module.cors_delete_function",
      "mode": "managed",
      "type": "aws_api_gateway_integration",
      "name": "_",
      "provider": "provider[\"registry.terraform.io/hashicorp/aws\"]",
      "instances": [
        {
          "schema_version": 0,
          "attributes": {
            "cache_key_parameters": null,
            "cache_namespace": "7vyyyk",
            "connection_id": "",
            "connection_type": "INTERNET",
            "content_handling": "CONVERT_TO_TEXT",
            "credentials": "",
            "http_method": "OPTIONS",
            "id": "agi-q0wpap6d28-7vyyyk-OPTIONS",
            "integration_http_method": "",
            "passthrough_behavior": "WHEN_NO_MATCH",
            "request_parameters": null,
            "request_templates": {
              "application/json": "{ \"statusCode\": 200 }"
            },
            "resource_id": "7vyyyk",
            "rest_api_id": "q0wpap6d28",
            "timeout_milliseconds": 29000,
            "tls_config": [],
            "type": "MOCK",
            "uri": ""
          },
          "sensitive_attributes": [],
          "private": "bnVsbA==",
          "dependencies": [
            "aws_api_gateway_resource.delete_function",
            "aws_api_gateway_rest_api.lambda_api",
            "module.cors_delete_function.aws_api_gateway_method._"
          ]
        }
      ]
    },
    {
      "module": "module.cors_delete_function",
      "mode": "managed",
      "type": "aws_api_gateway_integration_response",
      "name": "_",
      "provider": "provider[\"registry.terraform.io/hashicorp/aws\"]",
      "instances": [
        {
          "schema_version": 0,
          "attributes": {
            "content_handling": "",
            "http_method": "OPTIONS",
            "id": "agir-q0wpap6d28-7vyyyk-OPTIONS-200",
            "resource_id": "7vyyyk",
            "response_parameters": {
              "method.response.header.Access-Control-Allow-Headers": "'Authorization,Content-Type,X-Amz-Date,X-Amz-Security-Token,X-Api-Key'",
              "method.response.header.Access-Control-Allow-Methods": "'OPTIONS,HEAD,GET,POST,PUT,PATCH,DELETE'",
              "method.response.header.Access-Control-Allow-Origin": "'*'",
              "method.response.header.Access-Control-Max-Age": "'7200'"
            },
            "response_templates": null,
            "rest_api_id": "q0wpap6d28",
            "selection_pattern": "",
            "status_code": "200"
          },
          "sensitive_attributes": [],
          "private": "bnVsbA==",
          "dependencies": [
            "aws_api_gateway_resource.delete_function",
            "aws_api_gateway_rest_api.lambda_api",
            "module.cors_delete_function.aws_api_gateway_integration._",
            "module.cors_delete_function.aws_api_gateway_method._",
            "module.cors_delete_function.aws_api_gateway_method_response._"
          ]
        }
      ]
    },
    {
      "module": "module.cors_delete_function",
      "mode": "managed",
      "type": "aws_api_gateway_method",
      "name": "_",
      "provider": "provider[\"registry.terraform.io/hashicorp/aws\"]",
      "instances": [
        {
          "schema_version": 0,
          "attributes": {
            "api_key_required": false,
            "authorization": "NONE",
            "authorization_scopes": null,
            "authorizer_id": null,
            "http_method": "OPTIONS",
            "id": "agm-q0wpap6d28-7vyyyk-OPTIONS",
            "operation_name": null,
            "request_models": null,
            "request_parameters": null,
            "request_validator_id": null,
            "resource_id": "7vyyyk",
            "rest_api_id": "q0wpap6d28"
          },
          "sensitive_attributes": [],
          "private": "bnVsbA==",
          "dependencies": [
            "aws_api_gateway_resource.delete_function",
            "aws_api_gateway_rest_api.lambda_api"
          ]
        }
      ]
    },
    {
      "module": "module.cors_delete_function",
      "mode": "managed",
      "type": "aws_api_gateway_method_response",
      "name": "_",
      "provider": "provider[\"registry.terraform.io/hashicorp/aws\"]",
      "instances": [
        {
          "schema_version": 0,
          "attributes": {
            "http_method": "OPTIONS",
            "id": "agmr-q0wpap6d28-7vyyyk-OPTIONS-200",
            "resource_id": "7vyyyk",
            "response_models": {
              "application/json": "Empty"
            },
            "response_parameters": {
              "method.response.header.Access-Control-Allow-Headers": true,
              "method.response.header.Access-Control-Allow-Methods": true,
              "method.response.header.Access-Control-Allow-Origin": true,
              "method.response.header.Access-Control-Max-Age": true
            },
            "rest_api_id": "q0wpap6d28",
            "status_code": "200"
          },
          "sensitive_attributes": [],
          "private": "bnVsbA==",
          "dependencies": [
            "aws_api_gateway_resource.delete_function",
            "aws_api_gateway_rest_api.lambda_api",
            "module.cors_delete_function.aws_api_gateway_method._"
          ]
        }
      ]
    },
    {
      "module": "module.cors_get_by_id_function",
      "mode": "managed",
      "type": "aws_api_gateway_integration",
      "name": "_",
      "provider": "provider[\"registry.terraform.io/hashicorp/aws\"]",
      "instances": [
        {
          "schema_version": 0,
          "attributes": {
            "cache_key_parameters": null,
            "cache_namespace": "i3auuv",
            "connection_id": "",
            "connection_type": "INTERNET",
            "content_handling": "CONVERT_TO_TEXT",
            "credentials": "",
            "http_method": "OPTIONS",
            "id": "agi-q0wpap6d28-i3auuv-OPTIONS",
            "integration_http_method": "",
            "passthrough_behavior": "WHEN_NO_MATCH",
            "request_parameters": null,
            "request_templates": {
              "application/json": "{ \"statusCode\": 200 }"
            },
            "resource_id": "i3auuv",
            "rest_api_id": "q0wpap6d28",
            "timeout_milliseconds": 29000,
            "tls_config": [],
            "type": "MOCK",
            "uri": ""
          },
          "sensitive_attributes": [],
          "private": "bnVsbA==",
          "dependencies": [
            "aws_api_gateway_resource.get_by_id_function",
            "aws_api_gateway_rest_api.lambda_api",
            "module.cors_get_by_id_function.aws_api_gateway_method._"
          ]
        }
      ]
    },
    {
      "module": "module.cors_get_by_id_function",
      "mode": "managed",
      "type": "aws_api_gateway_integration_response",
      "name": "_",
      "provider": "provider[\"registry.terraform.io/hashicorp/aws\"]",
      "instances": [
        {
          "schema_version": 0,
          "attributes": {
            "content_handling": "",
            "http_method": "OPTIONS",
            "id": "agir-q0wpap6d28-i3auuv-OPTIONS-200",
            "resource_id": "i3auuv",
            "response_parameters": {
              "method.response.header.Access-Control-Allow-Headers": "'Authorization,Content-Type,X-Amz-Date,X-Amz-Security-Token,X-Api-Key'",
              "method.response.header.Access-Control-Allow-Methods": "'OPTIONS,HEAD,GET,POST,PUT,PATCH,DELETE'",
              "method.response.header.Access-Control-Allow-Origin": "'*'",
              "method.response.header.Access-Control-Max-Age": "'7200'"
            },
            "response_templates": null,
            "rest_api_id": "q0wpap6d28",
            "selection_pattern": "",
            "status_code": "200"
          },
          "sensitive_attributes": [],
          "private": "bnVsbA==",
          "dependencies": [
            "aws_api_gateway_resource.get_by_id_function",
            "aws_api_gateway_rest_api.lambda_api",
            "module.cors_get_by_id_function.aws_api_gateway_integration._",
            "module.cors_get_by_id_function.aws_api_gateway_method._",
            "module.cors_get_by_id_function.aws_api_gateway_method_response._"
          ]
        }
      ]
    },
    {
      "module": "module.cors_get_by_id_function",
      "mode": "managed",
      "type": "aws_api_gateway_method",
      "name": "_",
      "provider": "provider[\"registry.terraform.io/hashicorp/aws\"]",
      "instances": [
        {
          "schema_version": 0,
          "attributes": {
            "api_key_required": false,
            "authorization": "NONE",
            "authorization_scopes": null,
            "authorizer_id": null,
            "http_method": "OPTIONS",
            "id": "agm-q0wpap6d28-i3auuv-OPTIONS",
            "operation_name": null,
            "request_models": null,
            "request_parameters": null,
            "request_validator_id": null,
            "resource_id": "i3auuv",
            "rest_api_id": "q0wpap6d28"
          },
          "sensitive_attributes": [],
          "private": "bnVsbA==",
          "dependencies": [
            "aws_api_gateway_resource.get_by_id_function",
            "aws_api_gateway_rest_api.lambda_api"
          ]
        }
      ]
    },
    {
      "module": "module.cors_get_by_id_function",
      "mode": "managed",
      "type": "aws_api_gateway_method_response",
      "name": "_",
      "provider": "provider[\"registry.terraform.io/hashicorp/aws\"]",
      "instances": [
        {
          "schema_version": 0,
          "attributes": {
            "http_method": "OPTIONS",
            "id": "agmr-q0wpap6d28-i3auuv-OPTIONS-200",
            "resource_id": "i3auuv",
            "response_models": {
              "application/json": "Empty"
            },
            "response_parameters": {
              "method.response.header.Access-Control-Allow-Headers": true,
              "method.response.header.Access-Control-Allow-Methods": true,
              "method.response.header.Access-Control-Allow-Origin": true,
              "method.response.header.Access-Control-Max-Age": true
            },
            "rest_api_id": "q0wpap6d28",
            "status_code": "200"
          },
          "sensitive_attributes": [],
          "private": "bnVsbA==",
          "dependencies": [
            "aws_api_gateway_resource.get_by_id_function",
            "aws_api_gateway_rest_api.lambda_api",
            "module.cors_get_by_id_function.aws_api_gateway_method._"
          ]
        }
      ]
    },
    {
      "module": "module.cors_get_function",
      "mode": "managed",
      "type": "aws_api_gateway_integration",
      "name": "_",
      "provider": "provider[\"registry.terraform.io/hashicorp/aws\"]",
      "instances": [
        {
          "schema_version": 0,
          "attributes": {
            "cache_key_parameters": null,
            "cache_namespace": "da3z0y",
            "connection_id": "",
            "connection_type": "INTERNET",
            "content_handling": "CONVERT_TO_TEXT",
            "credentials": "",
            "http_method": "OPTIONS",
            "id": "agi-q0wpap6d28-da3z0y-OPTIONS",
            "integration_http_method": "",
            "passthrough_behavior": "WHEN_NO_MATCH",
            "request_parameters": null,
            "request_templates": {
              "application/json": "{ \"statusCode\": 200 }"
            },
            "resource_id": "da3z0y",
            "rest_api_id": "q0wpap6d28",
            "timeout_milliseconds": 29000,
            "tls_config": [],
            "type": "MOCK",
            "uri": ""
          },
          "sensitive_attributes": [],
          "private": "bnVsbA==",
          "dependencies": [
            "aws_api_gateway_resource.get_function",
            "aws_api_gateway_rest_api.lambda_api",
            "module.cors_get_function.aws_api_gateway_method._"
          ]
        }
      ]
    },
    {
      "module": "module.cors_get_function",
      "mode": "managed",
      "type": "aws_api_gateway_integration_response",
      "name": "_",
      "provider": "provider[\"registry.terraform.io/hashicorp/aws\"]",
      "instances": [
        {
          "schema_version": 0,
          "attributes": {
            "content_handling": "",
            "http_method": "OPTIONS",
            "id": "agir-q0wpap6d28-da3z0y-OPTIONS-200",
            "resource_id": "da3z0y",
            "response_parameters": {
              "method.response.header.Access-Control-Allow-Headers": "'Authorization,Content-Type,X-Amz-Date,X-Amz-Security-Token,X-Api-Key'",
              "method.response.header.Access-Control-Allow-Methods": "'OPTIONS,HEAD,GET,POST,PUT,PATCH,DELETE'",
              "method.response.header.Access-Control-Allow-Origin": "'*'",
              "method.response.header.Access-Control-Max-Age": "'7200'"
            },
            "response_templates": null,
            "rest_api_id": "q0wpap6d28",
            "selection_pattern": "",
            "status_code": "200"
          },
          "sensitive_attributes": [],
          "private": "bnVsbA==",
          "dependencies": [
            "aws_api_gateway_resource.get_function",
            "aws_api_gateway_rest_api.lambda_api",
            "module.cors_get_function.aws_api_gateway_integration._",
            "module.cors_get_function.aws_api_gateway_method._",
            "module.cors_get_function.aws_api_gateway_method_response._"
          ]
        }
      ]
    },
    {
      "module": "module.cors_get_function",
      "mode": "managed",
      "type": "aws_api_gateway_method",
      "name": "_",
      "provider": "provider[\"registry.terraform.io/hashicorp/aws\"]",
      "instances": [
        {
          "schema_version": 0,
          "attributes": {
            "api_key_required": false,
            "authorization": "NONE",
            "authorization_scopes": null,
            "authorizer_id": null,
            "http_method": "OPTIONS",
            "id": "agm-q0wpap6d28-da3z0y-OPTIONS",
            "operation_name": null,
            "request_models": null,
            "request_parameters": null,
            "request_validator_id": null,
            "resource_id": "da3z0y",
            "rest_api_id": "q0wpap6d28"
          },
          "sensitive_attributes": [],
          "private": "bnVsbA==",
          "dependencies": [
            "aws_api_gateway_resource.get_function",
            "aws_api_gateway_rest_api.lambda_api"
          ]
        }
      ]
    },
    {
      "module": "module.cors_get_function",
      "mode": "managed",
      "type": "aws_api_gateway_method_response",
      "name": "_",
      "provider": "provider[\"registry.terraform.io/hashicorp/aws\"]",
      "instances": [
        {
          "schema_version": 0,
          "attributes": {
            "http_method": "OPTIONS",
            "id": "agmr-q0wpap6d28-da3z0y-OPTIONS-200",
            "resource_id": "da3z0y",
            "response_models": {
              "application/json": "Empty"
            },
            "response_parameters": {
              "method.response.header.Access-Control-Allow-Headers": true,
              "method.response.header.Access-Control-Allow-Methods": true,
              "method.response.header.Access-Control-Allow-Origin": true,
              "method.response.header.Access-Control-Max-Age": true
            },
            "rest_api_id": "q0wpap6d28",
            "status_code": "200"
          },
          "sensitive_attributes": [],
          "private": "bnVsbA==",
          "dependencies": [
            "aws_api_gateway_resource.get_function",
            "aws_api_gateway_rest_api.lambda_api",
            "module.cors_get_function.aws_api_gateway_method._"
          ]
        }
      ]
    },
    {
      "module": "module.cors_post_function",
      "mode": "managed",
      "type": "aws_api_gateway_integration",
      "name": "_",
      "provider": "provider[\"registry.terraform.io/hashicorp/aws\"]",
      "instances": [
        {
          "schema_version": 0,
          "attributes": {
            "cache_key_parameters": null,
            "cache_namespace": "cb4trp",
            "connection_id": "",
            "connection_type": "INTERNET",
            "content_handling": "CONVERT_TO_TEXT",
            "credentials": "",
            "http_method": "OPTIONS",
            "id": "agi-q0wpap6d28-cb4trp-OPTIONS",
            "integration_http_method": "",
            "passthrough_behavior": "WHEN_NO_MATCH",
            "request_parameters": null,
            "request_templates": {
              "application/json": "{ \"statusCode\": 200 }"
            },
            "resource_id": "cb4trp",
            "rest_api_id": "q0wpap6d28",
            "timeout_milliseconds": 29000,
            "tls_config": [],
            "type": "MOCK",
            "uri": ""
          },
          "sensitive_attributes": [],
          "private": "bnVsbA==",
          "dependencies": [
            "aws_api_gateway_resource.post_function",
            "aws_api_gateway_rest_api.lambda_api",
            "module.cors_post_function.aws_api_gateway_method._"
          ]
        }
      ]
    },
    {
      "module": "module.cors_post_function",
      "mode": "managed",
      "type": "aws_api_gateway_integration_response",
      "name": "_",
      "provider": "provider[\"registry.terraform.io/hashicorp/aws\"]",
      "instances": [
        {
          "schema_version": 0,
          "attributes": {
            "content_handling": "",
            "http_method": "OPTIONS",
            "id": "agir-q0wpap6d28-cb4trp-OPTIONS-200",
            "resource_id": "cb4trp",
            "response_parameters": {
              "method.response.header.Access-Control-Allow-Headers": "'Authorization,Content-Type,X-Amz-Date,X-Amz-Security-Token,X-Api-Key'",
              "method.response.header.Access-Control-Allow-Methods": "'OPTIONS,HEAD,GET,POST,PUT,PATCH,DELETE'",
              "method.response.header.Access-Control-Allow-Origin": "'*'",
              "method.response.header.Access-Control-Max-Age": "'7200'"
            },
            "response_templates": null,
            "rest_api_id": "q0wpap6d28",
            "selection_pattern": "",
            "status_code": "200"
          },
          "sensitive_attributes": [],
          "private": "bnVsbA==",
          "dependencies": [
            "aws_api_gateway_resource.post_function",
            "aws_api_gateway_rest_api.lambda_api",
            "module.cors_post_function.aws_api_gateway_integration._",
            "module.cors_post_function.aws_api_gateway_method._",
            "module.cors_post_function.aws_api_gateway_method_response._"
          ]
        }
      ]
    },
    {
      "module": "module.cors_post_function",
      "mode": "managed",
      "type": "aws_api_gateway_method",
      "name": "_",
      "provider": "provider[\"registry.terraform.io/hashicorp/aws\"]",
      "instances": [
        {
          "schema_version": 0,
          "attributes": {
            "api_key_required": false,
            "authorization": "NONE",
            "authorization_scopes": null,
            "authorizer_id": null,
            "http_method": "OPTIONS",
            "id": "agm-q0wpap6d28-cb4trp-OPTIONS",
            "operation_name": null,
            "request_models": null,
            "request_parameters": null,
            "request_validator_id": null,
            "resource_id": "cb4trp",
            "rest_api_id": "q0wpap6d28"
          },
          "sensitive_attributes": [],
          "private": "bnVsbA==",
          "dependencies": [
            "aws_api_gateway_resource.post_function",
            "aws_api_gateway_rest_api.lambda_api"
          ]
        }
      ]
    },
    {
      "module": "module.cors_post_function",
      "mode": "managed",
      "type": "aws_api_gateway_method_response",
      "name": "_",
      "provider": "provider[\"registry.terraform.io/hashicorp/aws\"]",
      "instances": [
        {
          "schema_version": 0,
          "attributes": {
            "http_method": "OPTIONS",
            "id": "agmr-q0wpap6d28-cb4trp-OPTIONS-200",
            "resource_id": "cb4trp",
            "response_models": {
              "application/json": "Empty"
            },
            "response_parameters": {
              "method.response.header.Access-Control-Allow-Headers": true,
              "method.response.header.Access-Control-Allow-Methods": true,
              "method.response.header.Access-Control-Allow-Origin": true,
              "method.response.header.Access-Control-Max-Age": true
            },
            "rest_api_id": "q0wpap6d28",
            "status_code": "200"
          },
          "sensitive_attributes": [],
          "private": "bnVsbA==",
          "dependencies": [
            "aws_api_gateway_resource.post_function",
            "aws_api_gateway_rest_api.lambda_api",
            "module.cors_post_function.aws_api_gateway_method._"
          ]
        }
      ]
    },
    {
      "module": "module.cors_put_function",
      "mode": "managed",
      "type": "aws_api_gateway_integration",
      "name": "_",
      "provider": "provider[\"registry.terraform.io/hashicorp/aws\"]",
      "instances": [
        {
          "schema_version": 0,
          "attributes": {
            "cache_key_parameters": null,
            "cache_namespace": "kfxt2d",
            "connection_id": "",
            "connection_type": "INTERNET",
            "content_handling": "CONVERT_TO_TEXT",
            "credentials": "",
            "http_method": "OPTIONS",
            "id": "agi-q0wpap6d28-kfxt2d-OPTIONS",
            "integration_http_method": "",
            "passthrough_behavior": "WHEN_NO_MATCH",
            "request_parameters": null,
            "request_templates": {
              "application/json": "{ \"statusCode\": 200 }"
            },
            "resource_id": "kfxt2d",
            "rest_api_id": "q0wpap6d28",
            "timeout_milliseconds": 29000,
            "tls_config": [],
            "type": "MOCK",
            "uri": ""
          },
          "sensitive_attributes": [],
          "private": "bnVsbA==",
          "dependencies": [
            "aws_api_gateway_resource.put_function",
            "aws_api_gateway_rest_api.lambda_api",
            "module.cors_put_function.aws_api_gateway_method._"
          ]
        }
      ]
    },
    {
      "module": "module.cors_put_function",
      "mode": "managed",
      "type": "aws_api_gateway_integration_response",
      "name": "_",
      "provider": "provider[\"registry.terraform.io/hashicorp/aws\"]",
      "instances": [
        {
          "schema_version": 0,
          "attributes": {
            "content_handling": "",
            "http_method": "OPTIONS",
            "id": "agir-q0wpap6d28-kfxt2d-OPTIONS-200",
            "resource_id": "kfxt2d",
            "response_parameters": {
              "method.response.header.Access-Control-Allow-Headers": "'Authorization,Content-Type,X-Amz-Date,X-Amz-Security-Token,X-Api-Key'",
              "method.response.header.Access-Control-Allow-Methods": "'OPTIONS,HEAD,GET,POST,PUT,PATCH,DELETE'",
              "method.response.header.Access-Control-Allow-Origin": "'*'",
              "method.response.header.Access-Control-Max-Age": "'7200'"
            },
            "response_templates": null,
            "rest_api_id": "q0wpap6d28",
            "selection_pattern": "",
            "status_code": "200"
          },
          "sensitive_attributes": [],
          "private": "bnVsbA==",
          "dependencies": [
            "aws_api_gateway_resource.put_function",
            "aws_api_gateway_rest_api.lambda_api",
            "module.cors_put_function.aws_api_gateway_integration._",
            "module.cors_put_function.aws_api_gateway_method._",
            "module.cors_put_function.aws_api_gateway_method_response._"
          ]
        }
      ]
    },
    {
      "module": "module.cors_put_function",
      "mode": "managed",
      "type": "aws_api_gateway_method",
      "name": "_",
      "provider": "provider[\"registry.terraform.io/hashicorp/aws\"]",
      "instances": [
        {
          "schema_version": 0,
          "attributes": {
            "api_key_required": false,
            "authorization": "NONE",
            "authorization_scopes": null,
            "authorizer_id": null,
            "http_method": "OPTIONS",
            "id": "agm-q0wpap6d28-kfxt2d-OPTIONS",
            "operation_name": null,
            "request_models": null,
            "request_parameters": null,
            "request_validator_id": null,
            "resource_id": "kfxt2d",
            "rest_api_id": "q0wpap6d28"
          },
          "sensitive_attributes": [],
          "private": "bnVsbA==",
          "dependencies": [
            "aws_api_gateway_resource.put_function",
            "aws_api_gateway_rest_api.lambda_api"
          ]
        }
      ]
    },
    {
      "module": "module.cors_put_function",
      "mode": "managed",
      "type": "aws_api_gateway_method_response",
      "name": "_",
      "provider": "provider[\"registry.terraform.io/hashicorp/aws\"]",
      "instances": [
        {
          "schema_version": 0,
          "attributes": {
            "http_method": "OPTIONS",
            "id": "agmr-q0wpap6d28-kfxt2d-OPTIONS-200",
            "resource_id": "kfxt2d",
            "response_models": {
              "application/json": "Empty"
            },
            "response_parameters": {
              "method.response.header.Access-Control-Allow-Headers": true,
              "method.response.header.Access-Control-Allow-Methods": true,
              "method.response.header.Access-Control-Allow-Origin": true,
              "method.response.header.Access-Control-Max-Age": true
            },
            "rest_api_id": "q0wpap6d28",
            "status_code": "200"
          },
          "sensitive_attributes": [],
          "private": "bnVsbA==",
          "dependencies": [
            "aws_api_gateway_resource.put_function",
            "aws_api_gateway_rest_api.lambda_api",
            "module.cors_put_function.aws_api_gateway_method._"
          ]
        }
      ]
    }
  ],
  "check_results": []
}
